
Microsoft Visual Studio Solution File, Format Version 12.00
# Visual Studio Version 17
VisualStudioVersion = 17.0.31903.59
MinimumVisualStudioVersion = 10.0.40219.1
Project("{FAE04EC0-301F-11D3-BF4B-00C04F79EFBC}") = "Emerald.Hail.Api", "Emerald.Hail.Api\Emerald.Hail.Api.csproj", "{F9ED80EC-0AFF-419E-A75E-AC088D0DCE6C}"
EndProject
Project("{FAE04EC0-301F-11D3-BF4B-00C04F79EFBC}") = "Emerald.Hail.Domain", "Emerald.Hail.Domain\Emerald.Hail.Domain.csproj", "{6B6CB3AF-1B6C-4948-8809-CD63EB3C1E5A}"
EndProject
Global
	GlobalSection(SolutionConfigurationPlatforms) = preSolution
		Debug|Any CPU = Debug|Any CPU
		Release|Any CPU = Release|Any CPU
	EndGlobalSection
	GlobalSection(SolutionProperties) = preSolution
		HideSolutionNode = FALSE
	EndGlobalSection
	GlobalSection(ProjectConfigurationPlatforms) = postSolution
		{F9ED80EC-0AFF-419E-A75E-AC088D0DCE6C}.Debug|Any CPU.ActiveCfg = Debug|Any CPU
		{F9ED80EC-0AFF-419E-A75E-AC088D0DCE6C}.Debug|Any CPU.Build.0 = Debug|Any CPU
		{F9ED80EC-0AFF-419E-A75E-AC088D0DCE6C}.Release|Any CPU.ActiveCfg = Release|Any CPU
		{F9ED80EC-0AFF-419E-A75E-AC088D0DCE6C}.Release|Any CPU.Build.0 = Release|Any CPU
		{6B6CB3AF-1B6C-4948-8809-CD63EB3C1E5A}.Debug|Any CPU.ActiveCfg = Debug|Any CPU
		{6B6CB3AF-1B6C-4948-8809-CD63EB3C1E5A}.Debug|Any CPU.Build.0 = Debug|Any CPU
		{6B6CB3AF-1B6C-4948-8809-CD63EB3C1E5A}.Release|Any CPU.ActiveCfg = Release|Any CPU
		{6B6CB3AF-1B6C-4948-8809-CD63EB3C1E5A}.Release|Any CPU.Build.0 = Release|Any CPU
	EndGlobalSection
EndGlobal
